
Microsoft Visual Studio Solution File, Format Version 12.00
# Visual Studio 15
VisualStudioVersion = 15.0.26124.0
MinimumVisualStudioVersion = 15.0.26124.0
Project("{9A19103F-16F7-4668-BE54-9A1E7A4F7556}") = "TreeIntersection", "TreeIntersection\TreeIntersection.csproj", "{22DFE9CA-882F-43FC-9D56-2D5504BAD6ED}"
EndProject
Project("{FAE04EC0-301F-11D3-BF4B-00C04F79EFBC}") = "TreeIntesectionTests", "TreeIntesectionTests\TreeIntesectionTests.csproj", "{AA927270-D1DD-4BE2-8142-0E3D4C9F512D}"
EndProject
Global
	GlobalSection(SolutionConfigurationPlatforms) = preSolution
		Debug|Any CPU = Debug|Any CPU
		Debug|x64 = Debug|x64
		Debug|x86 = Debug|x86
		Release|Any CPU = Release|Any CPU
		Release|x64 = Release|x64
		Release|x86 = Release|x86
	EndGlobalSection
	GlobalSection(ProjectConfigurationPlatforms) = postSolution
		{22DFE9CA-882F-43FC-9D56-2D5504BAD6ED}.Debug|Any CPU.ActiveCfg = Debug|Any CPU
		{22DFE9CA-882F-43FC-9D56-2D5504BAD6ED}.Debug|Any CPU.Build.0 = Debug|Any CPU
		{22DFE9CA-882F-43FC-9D56-2D5504BAD6ED}.Debug|x64.ActiveCfg = Debug|Any CPU
		{22DFE9CA-882F-43FC-9D56-2D5504BAD6ED}.Debug|x64.Build.0 = Debug|Any CPU
		{22DFE9CA-882F-43FC-9D56-2D5504BAD6ED}.Debug|x86.ActiveCfg = Debug|Any CPU
		{22DFE9CA-882F-43FC-9D56-2D5504BAD6ED}.Debug|x86.Build.0 = Debug|Any CPU
		{22DFE9CA-882F-43FC-9D56-2D5504BAD6ED}.Release|Any CPU.ActiveCfg = Release|Any CPU
		{22DFE9CA-882F-43FC-9D56-2D5504BAD6ED}.Release|Any CPU.Build.0 = Release|Any CPU
		{22DFE9CA-882F-43FC-9D56-2D5504BAD6ED}.Release|x64.ActiveCfg = Release|Any CPU
		{22DFE9CA-882F-43FC-9D56-2D5504BAD6ED}.Release|x64.Build.0 = Release|Any CPU
		{22DFE9CA-882F-43FC-9D56-2D5504BAD6ED}.Release|x86.ActiveCfg = Release|Any CPU
		{22DFE9CA-882F-43FC-9D56-2D5504BAD6ED}.Release|x86.Build.0 = Release|Any CPU
		{AA927270-D1DD-4BE2-8142-0E3D4C9F512D}.Debug|Any CPU.ActiveCfg = Debug|Any CPU
		{AA927270-D1DD-4BE2-8142-0E3D4C9F512D}.Debug|Any CPU.Build.0 = Debug|Any CPU
		{AA927270-D1DD-4BE2-8142-0E3D4C9F512D}.Debug|x64.ActiveCfg = Debug|Any CPU
		{AA927270-D1DD-4BE2-8142-0E3D4C9F512D}.Debug|x64.Build.0 = Debug|Any CPU
		{AA927270-D1DD-4BE2-8142-0E3D4C9F512D}.Debug|x86.ActiveCfg = Debug|Any CPU
		{AA927270-D1DD-4BE2-8142-0E3D4C9F512D}.Debug|x86.Build.0 = Debug|Any CPU
		{AA927270-D1DD-4BE2-8142-0E3D4C9F512D}.Release|Any CPU.ActiveCfg = Release|Any CPU
		{AA927270-D1DD-4BE2-8142-0E3D4C9F512D}.Release|Any CPU.Build.0 = Release|Any CPU
		{AA927270-D1DD-4BE2-8142-0E3D4C9F512D}.Release|x64.ActiveCfg = Release|Any CPU
		{AA927270-D1DD-4BE2-8142-0E3D4C9F512D}.Release|x64.Build.0 = Release|Any CPU
		{AA927270-D1DD-4BE2-8142-0E3D4C9F512D}.Release|x86.ActiveCfg = Release|Any CPU
		{AA927270-D1DD-4BE2-8142-0E3D4C9F512D}.Release|x86.Build.0 = Release|Any CPU
	EndGlobalSection
	GlobalSection(SolutionProperties) = preSolution
		HideSolutionNode = FALSE
	EndGlobalSection
	GlobalSection(ExtensibilityGlobals) = postSolution
		SolutionGuid = {92D6DFE3-2F29-4228-B7DE-764B286A19DF}
	EndGlobalSection
EndGlobal
