
Microsoft Visual Studio Solution File, Format Version 12.00
# Visual Studio 15
VisualStudioVersion = 15.0.26124.0
MinimumVisualStudioVersion = 15.0.26124.0
Project("{9A19103F-16F7-4668-BE54-9A1E7A4F7556}") = "RepeatWord", "RepeatWord\RepeatWord.csproj", "{DAB9D3DF-CD91-420C-B27B-A5FCAAA6D2B4}"
EndProject
Project("{FAE04EC0-301F-11D3-BF4B-00C04F79EFBC}") = "RepeatWordTests", "RepeatWordTests\RepeatWordTests.csproj", "{4DFCC63B-CC61-49C1-9D33-5500E73127E9}"
EndProject
Global
	GlobalSection(SolutionConfigurationPlatforms) = preSolution
		Debug|Any CPU = Debug|Any CPU
		Debug|x64 = Debug|x64
		Debug|x86 = Debug|x86
		Release|Any CPU = Release|Any CPU
		Release|x64 = Release|x64
		Release|x86 = Release|x86
	EndGlobalSection
	GlobalSection(ProjectConfigurationPlatforms) = postSolution
		{DAB9D3DF-CD91-420C-B27B-A5FCAAA6D2B4}.Debug|Any CPU.ActiveCfg = Debug|Any CPU
		{DAB9D3DF-CD91-420C-B27B-A5FCAAA6D2B4}.Debug|Any CPU.Build.0 = Debug|Any CPU
		{DAB9D3DF-CD91-420C-B27B-A5FCAAA6D2B4}.Debug|x64.ActiveCfg = Debug|Any CPU
		{DAB9D3DF-CD91-420C-B27B-A5FCAAA6D2B4}.Debug|x64.Build.0 = Debug|Any CPU
		{DAB9D3DF-CD91-420C-B27B-A5FCAAA6D2B4}.Debug|x86.ActiveCfg = Debug|Any CPU
		{DAB9D3DF-CD91-420C-B27B-A5FCAAA6D2B4}.Debug|x86.Build.0 = Debug|Any CPU
		{DAB9D3DF-CD91-420C-B27B-A5FCAAA6D2B4}.Release|Any CPU.ActiveCfg = Release|Any CPU
		{DAB9D3DF-CD91-420C-B27B-A5FCAAA6D2B4}.Release|Any CPU.Build.0 = Release|Any CPU
		{DAB9D3DF-CD91-420C-B27B-A5FCAAA6D2B4}.Release|x64.ActiveCfg = Release|Any CPU
		{DAB9D3DF-CD91-420C-B27B-A5FCAAA6D2B4}.Release|x64.Build.0 = Release|Any CPU
		{DAB9D3DF-CD91-420C-B27B-A5FCAAA6D2B4}.Release|x86.ActiveCfg = Release|Any CPU
		{DAB9D3DF-CD91-420C-B27B-A5FCAAA6D2B4}.Release|x86.Build.0 = Release|Any CPU
		{4DFCC63B-CC61-49C1-9D33-5500E73127E9}.Debug|Any CPU.ActiveCfg = Debug|Any CPU
		{4DFCC63B-CC61-49C1-9D33-5500E73127E9}.Debug|Any CPU.Build.0 = Debug|Any CPU
		{4DFCC63B-CC61-49C1-9D33-5500E73127E9}.Debug|x64.ActiveCfg = Debug|Any CPU
		{4DFCC63B-CC61-49C1-9D33-5500E73127E9}.Debug|x64.Build.0 = Debug|Any CPU
		{4DFCC63B-CC61-49C1-9D33-5500E73127E9}.Debug|x86.ActiveCfg = Debug|Any CPU
		{4DFCC63B-CC61-49C1-9D33-5500E73127E9}.Debug|x86.Build.0 = Debug|Any CPU
		{4DFCC63B-CC61-49C1-9D33-5500E73127E9}.Release|Any CPU.ActiveCfg = Release|Any CPU
		{4DFCC63B-CC61-49C1-9D33-5500E73127E9}.Release|Any CPU.Build.0 = Release|Any CPU
		{4DFCC63B-CC61-49C1-9D33-5500E73127E9}.Release|x64.ActiveCfg = Release|Any CPU
		{4DFCC63B-CC61-49C1-9D33-5500E73127E9}.Release|x64.Build.0 = Release|Any CPU
		{4DFCC63B-CC61-49C1-9D33-5500E73127E9}.Release|x86.ActiveCfg = Release|Any CPU
		{4DFCC63B-CC61-49C1-9D33-5500E73127E9}.Release|x86.Build.0 = Release|Any CPU
	EndGlobalSection
	GlobalSection(SolutionProperties) = preSolution
		HideSolutionNode = FALSE
	EndGlobalSection
	GlobalSection(ExtensibilityGlobals) = postSolution
		SolutionGuid = {91C8E7B7-CACB-4D7B-BE1C-897D4068E2BB}
	EndGlobalSection
EndGlobal
