
Microsoft Visual Studio Solution File, Format Version 12.00
# Visual Studio 15
VisualStudioVersion = 15.0.26124.0
MinimumVisualStudioVersion = 15.0.26124.0
Project("{9A19103F-16F7-4668-BE54-9A1E7A4F7556}") = "Breadth-First-Traversal", "Breadth-First-Traversal\Breadth-First-Traversal.csproj", "{B1AA49ED-3179-48ED-82BC-FADDBD7A7245}"
EndProject
Project("{FAE04EC0-301F-11D3-BF4B-00C04F79EFBC}") = "BreadthFirstTraversalsTest", "BreadthFirstTraversalsTest\BreadthFirstTraversalsTest.csproj", "{1A0B2CD5-6DE3-48DC-99A3-BE063B9FE846}"
EndProject
Global
	GlobalSection(SolutionConfigurationPlatforms) = preSolution
		Debug|Any CPU = Debug|Any CPU
		Debug|x64 = Debug|x64
		Debug|x86 = Debug|x86
		Release|Any CPU = Release|Any CPU
		Release|x64 = Release|x64
		Release|x86 = Release|x86
	EndGlobalSection
	GlobalSection(ProjectConfigurationPlatforms) = postSolution
		{B1AA49ED-3179-48ED-82BC-FADDBD7A7245}.Debug|Any CPU.ActiveCfg = Debug|Any CPU
		{B1AA49ED-3179-48ED-82BC-FADDBD7A7245}.Debug|Any CPU.Build.0 = Debug|Any CPU
		{B1AA49ED-3179-48ED-82BC-FADDBD7A7245}.Debug|x64.ActiveCfg = Debug|Any CPU
		{B1AA49ED-3179-48ED-82BC-FADDBD7A7245}.Debug|x64.Build.0 = Debug|Any CPU
		{B1AA49ED-3179-48ED-82BC-FADDBD7A7245}.Debug|x86.ActiveCfg = Debug|Any CPU
		{B1AA49ED-3179-48ED-82BC-FADDBD7A7245}.Debug|x86.Build.0 = Debug|Any CPU
		{B1AA49ED-3179-48ED-82BC-FADDBD7A7245}.Release|Any CPU.ActiveCfg = Release|Any CPU
		{B1AA49ED-3179-48ED-82BC-FADDBD7A7245}.Release|Any CPU.Build.0 = Release|Any CPU
		{B1AA49ED-3179-48ED-82BC-FADDBD7A7245}.Release|x64.ActiveCfg = Release|Any CPU
		{B1AA49ED-3179-48ED-82BC-FADDBD7A7245}.Release|x64.Build.0 = Release|Any CPU
		{B1AA49ED-3179-48ED-82BC-FADDBD7A7245}.Release|x86.ActiveCfg = Release|Any CPU
		{B1AA49ED-3179-48ED-82BC-FADDBD7A7245}.Release|x86.Build.0 = Release|Any CPU
		{1A0B2CD5-6DE3-48DC-99A3-BE063B9FE846}.Debug|Any CPU.ActiveCfg = Debug|Any CPU
		{1A0B2CD5-6DE3-48DC-99A3-BE063B9FE846}.Debug|Any CPU.Build.0 = Debug|Any CPU
		{1A0B2CD5-6DE3-48DC-99A3-BE063B9FE846}.Debug|x64.ActiveCfg = Debug|Any CPU
		{1A0B2CD5-6DE3-48DC-99A3-BE063B9FE846}.Debug|x64.Build.0 = Debug|Any CPU
		{1A0B2CD5-6DE3-48DC-99A3-BE063B9FE846}.Debug|x86.ActiveCfg = Debug|Any CPU
		{1A0B2CD5-6DE3-48DC-99A3-BE063B9FE846}.Debug|x86.Build.0 = Debug|Any CPU
		{1A0B2CD5-6DE3-48DC-99A3-BE063B9FE846}.Release|Any CPU.ActiveCfg = Release|Any CPU
		{1A0B2CD5-6DE3-48DC-99A3-BE063B9FE846}.Release|Any CPU.Build.0 = Release|Any CPU
		{1A0B2CD5-6DE3-48DC-99A3-BE063B9FE846}.Release|x64.ActiveCfg = Release|Any CPU
		{1A0B2CD5-6DE3-48DC-99A3-BE063B9FE846}.Release|x64.Build.0 = Release|Any CPU
		{1A0B2CD5-6DE3-48DC-99A3-BE063B9FE846}.Release|x86.ActiveCfg = Release|Any CPU
		{1A0B2CD5-6DE3-48DC-99A3-BE063B9FE846}.Release|x86.Build.0 = Release|Any CPU
	EndGlobalSection
	GlobalSection(SolutionProperties) = preSolution
		HideSolutionNode = FALSE
	EndGlobalSection
	GlobalSection(ExtensibilityGlobals) = postSolution
		SolutionGuid = {F5ED0A40-EC7C-48FE-879A-277D0863D9EB}
	EndGlobalSection
EndGlobal
