
Microsoft Visual Studio Solution File, Format Version 12.00
# Visual Studio 15
VisualStudioVersion = 15.0.26124.0
MinimumVisualStudioVersion = 15.0.26124.0
Project("{9A19103F-16F7-4668-BE54-9A1E7A4F7556}") = "BinarySearch", "BinarySearch\BinarySearch.csproj", "{B2295A57-1166-4F4F-982D-253E90EC2940}"
EndProject
Project("{FAE04EC0-301F-11D3-BF4B-00C04F79EFBC}") = "BinarySearchTest", "BinarySearchTest\BinarySearchTest.csproj", "{0BDCABC0-40B1-4408-9398-B3B5AAB41554}"
EndProject
Global
	GlobalSection(SolutionConfigurationPlatforms) = preSolution
		Debug|Any CPU = Debug|Any CPU
		Debug|x64 = Debug|x64
		Debug|x86 = Debug|x86
		Release|Any CPU = Release|Any CPU
		Release|x64 = Release|x64
		Release|x86 = Release|x86
	EndGlobalSection
	GlobalSection(ProjectConfigurationPlatforms) = postSolution
		{B2295A57-1166-4F4F-982D-253E90EC2940}.Debug|Any CPU.ActiveCfg = Debug|Any CPU
		{B2295A57-1166-4F4F-982D-253E90EC2940}.Debug|Any CPU.Build.0 = Debug|Any CPU
		{B2295A57-1166-4F4F-982D-253E90EC2940}.Debug|x64.ActiveCfg = Debug|Any CPU
		{B2295A57-1166-4F4F-982D-253E90EC2940}.Debug|x64.Build.0 = Debug|Any CPU
		{B2295A57-1166-4F4F-982D-253E90EC2940}.Debug|x86.ActiveCfg = Debug|Any CPU
		{B2295A57-1166-4F4F-982D-253E90EC2940}.Debug|x86.Build.0 = Debug|Any CPU
		{B2295A57-1166-4F4F-982D-253E90EC2940}.Release|Any CPU.ActiveCfg = Release|Any CPU
		{B2295A57-1166-4F4F-982D-253E90EC2940}.Release|Any CPU.Build.0 = Release|Any CPU
		{B2295A57-1166-4F4F-982D-253E90EC2940}.Release|x64.ActiveCfg = Release|Any CPU
		{B2295A57-1166-4F4F-982D-253E90EC2940}.Release|x64.Build.0 = Release|Any CPU
		{B2295A57-1166-4F4F-982D-253E90EC2940}.Release|x86.ActiveCfg = Release|Any CPU
		{B2295A57-1166-4F4F-982D-253E90EC2940}.Release|x86.Build.0 = Release|Any CPU
		{0BDCABC0-40B1-4408-9398-B3B5AAB41554}.Debug|Any CPU.ActiveCfg = Debug|Any CPU
		{0BDCABC0-40B1-4408-9398-B3B5AAB41554}.Debug|Any CPU.Build.0 = Debug|Any CPU
		{0BDCABC0-40B1-4408-9398-B3B5AAB41554}.Debug|x64.ActiveCfg = Debug|Any CPU
		{0BDCABC0-40B1-4408-9398-B3B5AAB41554}.Debug|x64.Build.0 = Debug|Any CPU
		{0BDCABC0-40B1-4408-9398-B3B5AAB41554}.Debug|x86.ActiveCfg = Debug|Any CPU
		{0BDCABC0-40B1-4408-9398-B3B5AAB41554}.Debug|x86.Build.0 = Debug|Any CPU
		{0BDCABC0-40B1-4408-9398-B3B5AAB41554}.Release|Any CPU.ActiveCfg = Release|Any CPU
		{0BDCABC0-40B1-4408-9398-B3B5AAB41554}.Release|Any CPU.Build.0 = Release|Any CPU
		{0BDCABC0-40B1-4408-9398-B3B5AAB41554}.Release|x64.ActiveCfg = Release|Any CPU
		{0BDCABC0-40B1-4408-9398-B3B5AAB41554}.Release|x64.Build.0 = Release|Any CPU
		{0BDCABC0-40B1-4408-9398-B3B5AAB41554}.Release|x86.ActiveCfg = Release|Any CPU
		{0BDCABC0-40B1-4408-9398-B3B5AAB41554}.Release|x86.Build.0 = Release|Any CPU
	EndGlobalSection
	GlobalSection(SolutionProperties) = preSolution
		HideSolutionNode = FALSE
	EndGlobalSection
	GlobalSection(ExtensibilityGlobals) = postSolution
		SolutionGuid = {C28BEB78-DE12-4FDB-A785-05E3D16B95A3}
	EndGlobalSection
EndGlobal
