
Microsoft Visual Studio Solution File, Format Version 12.00
# Visual Studio 15
VisualStudioVersion = 15.0.26124.0
MinimumVisualStudioVersion = 15.0.26124.0
Project("{9A19103F-16F7-4668-BE54-9A1E7A4F7556}") = "HashTables", "HashTables\HashTables.csproj", "{CF6B4CDA-8E49-4B5D-ADF9-460BE4B6038B}"
EndProject
Project("{FAE04EC0-301F-11D3-BF4B-00C04F79EFBC}") = "HashTablesTests", "HashTablesTests\HashTablesTests.csproj", "{5CAB1E73-FC20-48D2-B1DE-0E6C4B439C61}"
EndProject
Global
	GlobalSection(SolutionConfigurationPlatforms) = preSolution
		Debug|Any CPU = Debug|Any CPU
		Debug|x64 = Debug|x64
		Debug|x86 = Debug|x86
		Release|Any CPU = Release|Any CPU
		Release|x64 = Release|x64
		Release|x86 = Release|x86
	EndGlobalSection
	GlobalSection(ProjectConfigurationPlatforms) = postSolution
		{CF6B4CDA-8E49-4B5D-ADF9-460BE4B6038B}.Debug|Any CPU.ActiveCfg = Debug|Any CPU
		{CF6B4CDA-8E49-4B5D-ADF9-460BE4B6038B}.Debug|Any CPU.Build.0 = Debug|Any CPU
		{CF6B4CDA-8E49-4B5D-ADF9-460BE4B6038B}.Debug|x64.ActiveCfg = Debug|Any CPU
		{CF6B4CDA-8E49-4B5D-ADF9-460BE4B6038B}.Debug|x64.Build.0 = Debug|Any CPU
		{CF6B4CDA-8E49-4B5D-ADF9-460BE4B6038B}.Debug|x86.ActiveCfg = Debug|Any CPU
		{CF6B4CDA-8E49-4B5D-ADF9-460BE4B6038B}.Debug|x86.Build.0 = Debug|Any CPU
		{CF6B4CDA-8E49-4B5D-ADF9-460BE4B6038B}.Release|Any CPU.ActiveCfg = Release|Any CPU
		{CF6B4CDA-8E49-4B5D-ADF9-460BE4B6038B}.Release|Any CPU.Build.0 = Release|Any CPU
		{CF6B4CDA-8E49-4B5D-ADF9-460BE4B6038B}.Release|x64.ActiveCfg = Release|Any CPU
		{CF6B4CDA-8E49-4B5D-ADF9-460BE4B6038B}.Release|x64.Build.0 = Release|Any CPU
		{CF6B4CDA-8E49-4B5D-ADF9-460BE4B6038B}.Release|x86.ActiveCfg = Release|Any CPU
		{CF6B4CDA-8E49-4B5D-ADF9-460BE4B6038B}.Release|x86.Build.0 = Release|Any CPU
		{5CAB1E73-FC20-48D2-B1DE-0E6C4B439C61}.Debug|Any CPU.ActiveCfg = Debug|Any CPU
		{5CAB1E73-FC20-48D2-B1DE-0E6C4B439C61}.Debug|Any CPU.Build.0 = Debug|Any CPU
		{5CAB1E73-FC20-48D2-B1DE-0E6C4B439C61}.Debug|x64.ActiveCfg = Debug|Any CPU
		{5CAB1E73-FC20-48D2-B1DE-0E6C4B439C61}.Debug|x64.Build.0 = Debug|Any CPU
		{5CAB1E73-FC20-48D2-B1DE-0E6C4B439C61}.Debug|x86.ActiveCfg = Debug|Any CPU
		{5CAB1E73-FC20-48D2-B1DE-0E6C4B439C61}.Debug|x86.Build.0 = Debug|Any CPU
		{5CAB1E73-FC20-48D2-B1DE-0E6C4B439C61}.Release|Any CPU.ActiveCfg = Release|Any CPU
		{5CAB1E73-FC20-48D2-B1DE-0E6C4B439C61}.Release|Any CPU.Build.0 = Release|Any CPU
		{5CAB1E73-FC20-48D2-B1DE-0E6C4B439C61}.Release|x64.ActiveCfg = Release|Any CPU
		{5CAB1E73-FC20-48D2-B1DE-0E6C4B439C61}.Release|x64.Build.0 = Release|Any CPU
		{5CAB1E73-FC20-48D2-B1DE-0E6C4B439C61}.Release|x86.ActiveCfg = Release|Any CPU
		{5CAB1E73-FC20-48D2-B1DE-0E6C4B439C61}.Release|x86.Build.0 = Release|Any CPU
	EndGlobalSection
	GlobalSection(SolutionProperties) = preSolution
		HideSolutionNode = FALSE
	EndGlobalSection
	GlobalSection(ExtensibilityGlobals) = postSolution
		SolutionGuid = {E5A606BF-7BDE-42F6-A9D4-E90E6D442D40}
	EndGlobalSection
EndGlobal
