
Microsoft Visual Studio Solution File, Format Version 12.00
# Visual Studio 15
VisualStudioVersion = 15.0.26124.0
MinimumVisualStudioVersion = 15.0.26124.0
Project("{9A19103F-16F7-4668-BE54-9A1E7A4F7556}") = "LL_Palindrome", "LL_Palindrome\LL_Palindrome.csproj", "{7660BE2E-E659-4D13-8CD7-A6D2B60C3511}"
EndProject
Project("{FAE04EC0-301F-11D3-BF4B-00C04F79EFBC}") = "LL_PalindromeTests", "LL_PalindromeTests\LL_PalindromeTests.csproj", "{9E7626B5-79FC-41A3-995D-5966D593FF0A}"
EndProject
Global
	GlobalSection(SolutionConfigurationPlatforms) = preSolution
		Debug|Any CPU = Debug|Any CPU
		Debug|x64 = Debug|x64
		Debug|x86 = Debug|x86
		Release|Any CPU = Release|Any CPU
		Release|x64 = Release|x64
		Release|x86 = Release|x86
	EndGlobalSection
	GlobalSection(ProjectConfigurationPlatforms) = postSolution
		{7660BE2E-E659-4D13-8CD7-A6D2B60C3511}.Debug|Any CPU.ActiveCfg = Debug|Any CPU
		{7660BE2E-E659-4D13-8CD7-A6D2B60C3511}.Debug|Any CPU.Build.0 = Debug|Any CPU
		{7660BE2E-E659-4D13-8CD7-A6D2B60C3511}.Debug|x64.ActiveCfg = Debug|Any CPU
		{7660BE2E-E659-4D13-8CD7-A6D2B60C3511}.Debug|x64.Build.0 = Debug|Any CPU
		{7660BE2E-E659-4D13-8CD7-A6D2B60C3511}.Debug|x86.ActiveCfg = Debug|Any CPU
		{7660BE2E-E659-4D13-8CD7-A6D2B60C3511}.Debug|x86.Build.0 = Debug|Any CPU
		{7660BE2E-E659-4D13-8CD7-A6D2B60C3511}.Release|Any CPU.ActiveCfg = Release|Any CPU
		{7660BE2E-E659-4D13-8CD7-A6D2B60C3511}.Release|Any CPU.Build.0 = Release|Any CPU
		{7660BE2E-E659-4D13-8CD7-A6D2B60C3511}.Release|x64.ActiveCfg = Release|Any CPU
		{7660BE2E-E659-4D13-8CD7-A6D2B60C3511}.Release|x64.Build.0 = Release|Any CPU
		{7660BE2E-E659-4D13-8CD7-A6D2B60C3511}.Release|x86.ActiveCfg = Release|Any CPU
		{7660BE2E-E659-4D13-8CD7-A6D2B60C3511}.Release|x86.Build.0 = Release|Any CPU
		{9E7626B5-79FC-41A3-995D-5966D593FF0A}.Debug|Any CPU.ActiveCfg = Debug|Any CPU
		{9E7626B5-79FC-41A3-995D-5966D593FF0A}.Debug|Any CPU.Build.0 = Debug|Any CPU
		{9E7626B5-79FC-41A3-995D-5966D593FF0A}.Debug|x64.ActiveCfg = Debug|Any CPU
		{9E7626B5-79FC-41A3-995D-5966D593FF0A}.Debug|x64.Build.0 = Debug|Any CPU
		{9E7626B5-79FC-41A3-995D-5966D593FF0A}.Debug|x86.ActiveCfg = Debug|Any CPU
		{9E7626B5-79FC-41A3-995D-5966D593FF0A}.Debug|x86.Build.0 = Debug|Any CPU
		{9E7626B5-79FC-41A3-995D-5966D593FF0A}.Release|Any CPU.ActiveCfg = Release|Any CPU
		{9E7626B5-79FC-41A3-995D-5966D593FF0A}.Release|Any CPU.Build.0 = Release|Any CPU
		{9E7626B5-79FC-41A3-995D-5966D593FF0A}.Release|x64.ActiveCfg = Release|Any CPU
		{9E7626B5-79FC-41A3-995D-5966D593FF0A}.Release|x64.Build.0 = Release|Any CPU
		{9E7626B5-79FC-41A3-995D-5966D593FF0A}.Release|x86.ActiveCfg = Release|Any CPU
		{9E7626B5-79FC-41A3-995D-5966D593FF0A}.Release|x86.Build.0 = Release|Any CPU
	EndGlobalSection
	GlobalSection(SolutionProperties) = preSolution
		HideSolutionNode = FALSE
	EndGlobalSection
	GlobalSection(ExtensibilityGlobals) = postSolution
		SolutionGuid = {6F27CBA3-91AF-4480-AC41-803153EDAD61}
	EndGlobalSection
EndGlobal
