
Microsoft Visual Studio Solution File, Format Version 12.00
# Visual Studio 15
VisualStudioVersion = 15.0.26124.0
MinimumVisualStudioVersion = 15.0.26124.0
Project("{9A19103F-16F7-4668-BE54-9A1E7A4F7556}") = "MultiBracketValidation", "MultiBracketValidation\MultiBracketValidation.csproj", "{7429702D-7C75-4660-8229-BE94A8B5BB98}"
EndProject
Project("{FAE04EC0-301F-11D3-BF4B-00C04F79EFBC}") = "MultiBracketValidationTests", "MultiBracketValidationTests\MultiBracketValidationTests.csproj", "{D2C0C532-44FA-4E76-A0CD-E72A4858326F}"
EndProject
Global
	GlobalSection(SolutionConfigurationPlatforms) = preSolution
		Debug|Any CPU = Debug|Any CPU
		Debug|x64 = Debug|x64
		Debug|x86 = Debug|x86
		Release|Any CPU = Release|Any CPU
		Release|x64 = Release|x64
		Release|x86 = Release|x86
	EndGlobalSection
	GlobalSection(ProjectConfigurationPlatforms) = postSolution
		{7429702D-7C75-4660-8229-BE94A8B5BB98}.Debug|Any CPU.ActiveCfg = Debug|Any CPU
		{7429702D-7C75-4660-8229-BE94A8B5BB98}.Debug|Any CPU.Build.0 = Debug|Any CPU
		{7429702D-7C75-4660-8229-BE94A8B5BB98}.Debug|x64.ActiveCfg = Debug|Any CPU
		{7429702D-7C75-4660-8229-BE94A8B5BB98}.Debug|x64.Build.0 = Debug|Any CPU
		{7429702D-7C75-4660-8229-BE94A8B5BB98}.Debug|x86.ActiveCfg = Debug|Any CPU
		{7429702D-7C75-4660-8229-BE94A8B5BB98}.Debug|x86.Build.0 = Debug|Any CPU
		{7429702D-7C75-4660-8229-BE94A8B5BB98}.Release|Any CPU.ActiveCfg = Release|Any CPU
		{7429702D-7C75-4660-8229-BE94A8B5BB98}.Release|Any CPU.Build.0 = Release|Any CPU
		{7429702D-7C75-4660-8229-BE94A8B5BB98}.Release|x64.ActiveCfg = Release|Any CPU
		{7429702D-7C75-4660-8229-BE94A8B5BB98}.Release|x64.Build.0 = Release|Any CPU
		{7429702D-7C75-4660-8229-BE94A8B5BB98}.Release|x86.ActiveCfg = Release|Any CPU
		{7429702D-7C75-4660-8229-BE94A8B5BB98}.Release|x86.Build.0 = Release|Any CPU
		{D2C0C532-44FA-4E76-A0CD-E72A4858326F}.Debug|Any CPU.ActiveCfg = Debug|Any CPU
		{D2C0C532-44FA-4E76-A0CD-E72A4858326F}.Debug|Any CPU.Build.0 = Debug|Any CPU
		{D2C0C532-44FA-4E76-A0CD-E72A4858326F}.Debug|x64.ActiveCfg = Debug|Any CPU
		{D2C0C532-44FA-4E76-A0CD-E72A4858326F}.Debug|x64.Build.0 = Debug|Any CPU
		{D2C0C532-44FA-4E76-A0CD-E72A4858326F}.Debug|x86.ActiveCfg = Debug|Any CPU
		{D2C0C532-44FA-4E76-A0CD-E72A4858326F}.Debug|x86.Build.0 = Debug|Any CPU
		{D2C0C532-44FA-4E76-A0CD-E72A4858326F}.Release|Any CPU.ActiveCfg = Release|Any CPU
		{D2C0C532-44FA-4E76-A0CD-E72A4858326F}.Release|Any CPU.Build.0 = Release|Any CPU
		{D2C0C532-44FA-4E76-A0CD-E72A4858326F}.Release|x64.ActiveCfg = Release|Any CPU
		{D2C0C532-44FA-4E76-A0CD-E72A4858326F}.Release|x64.Build.0 = Release|Any CPU
		{D2C0C532-44FA-4E76-A0CD-E72A4858326F}.Release|x86.ActiveCfg = Release|Any CPU
		{D2C0C532-44FA-4E76-A0CD-E72A4858326F}.Release|x86.Build.0 = Release|Any CPU
	EndGlobalSection
	GlobalSection(SolutionProperties) = preSolution
		HideSolutionNode = FALSE
	EndGlobalSection
	GlobalSection(ExtensibilityGlobals) = postSolution
		SolutionGuid = {3BCDE3FB-3E6D-4367-AF33-6509ABA9C312}
	EndGlobalSection
EndGlobal
