
Microsoft Visual Studio Solution File, Format Version 12.00
# Visual Studio 15
VisualStudioVersion = 15.0.26124.0
MinimumVisualStudioVersion = 15.0.26124.0
Project("{9A19103F-16F7-4668-BE54-9A1E7A4F7556}") = "StacksAndQueues", "StacksAndQueues\StacksAndQueues.csproj", "{58109CEB-0325-46E0-89D8-07EFE3E34028}"
EndProject
Project("{FAE04EC0-301F-11D3-BF4B-00C04F79EFBC}") = "StacksAndQueuesTests", "StacksAndQueuesTests\StacksAndQueuesTests.csproj", "{652C6028-0BA8-40A8-A57F-38F7255F70F5}"
EndProject
Global
	GlobalSection(SolutionConfigurationPlatforms) = preSolution
		Debug|Any CPU = Debug|Any CPU
		Debug|x64 = Debug|x64
		Debug|x86 = Debug|x86
		Release|Any CPU = Release|Any CPU
		Release|x64 = Release|x64
		Release|x86 = Release|x86
	EndGlobalSection
	GlobalSection(ProjectConfigurationPlatforms) = postSolution
		{58109CEB-0325-46E0-89D8-07EFE3E34028}.Debug|Any CPU.ActiveCfg = Debug|Any CPU
		{58109CEB-0325-46E0-89D8-07EFE3E34028}.Debug|Any CPU.Build.0 = Debug|Any CPU
		{58109CEB-0325-46E0-89D8-07EFE3E34028}.Debug|x64.ActiveCfg = Debug|Any CPU
		{58109CEB-0325-46E0-89D8-07EFE3E34028}.Debug|x64.Build.0 = Debug|Any CPU
		{58109CEB-0325-46E0-89D8-07EFE3E34028}.Debug|x86.ActiveCfg = Debug|Any CPU
		{58109CEB-0325-46E0-89D8-07EFE3E34028}.Debug|x86.Build.0 = Debug|Any CPU
		{58109CEB-0325-46E0-89D8-07EFE3E34028}.Release|Any CPU.ActiveCfg = Release|Any CPU
		{58109CEB-0325-46E0-89D8-07EFE3E34028}.Release|Any CPU.Build.0 = Release|Any CPU
		{58109CEB-0325-46E0-89D8-07EFE3E34028}.Release|x64.ActiveCfg = Release|Any CPU
		{58109CEB-0325-46E0-89D8-07EFE3E34028}.Release|x64.Build.0 = Release|Any CPU
		{58109CEB-0325-46E0-89D8-07EFE3E34028}.Release|x86.ActiveCfg = Release|Any CPU
		{58109CEB-0325-46E0-89D8-07EFE3E34028}.Release|x86.Build.0 = Release|Any CPU
		{652C6028-0BA8-40A8-A57F-38F7255F70F5}.Debug|Any CPU.ActiveCfg = Debug|Any CPU
		{652C6028-0BA8-40A8-A57F-38F7255F70F5}.Debug|Any CPU.Build.0 = Debug|Any CPU
		{652C6028-0BA8-40A8-A57F-38F7255F70F5}.Debug|x64.ActiveCfg = Debug|Any CPU
		{652C6028-0BA8-40A8-A57F-38F7255F70F5}.Debug|x64.Build.0 = Debug|Any CPU
		{652C6028-0BA8-40A8-A57F-38F7255F70F5}.Debug|x86.ActiveCfg = Debug|Any CPU
		{652C6028-0BA8-40A8-A57F-38F7255F70F5}.Debug|x86.Build.0 = Debug|Any CPU
		{652C6028-0BA8-40A8-A57F-38F7255F70F5}.Release|Any CPU.ActiveCfg = Release|Any CPU
		{652C6028-0BA8-40A8-A57F-38F7255F70F5}.Release|Any CPU.Build.0 = Release|Any CPU
		{652C6028-0BA8-40A8-A57F-38F7255F70F5}.Release|x64.ActiveCfg = Release|Any CPU
		{652C6028-0BA8-40A8-A57F-38F7255F70F5}.Release|x64.Build.0 = Release|Any CPU
		{652C6028-0BA8-40A8-A57F-38F7255F70F5}.Release|x86.ActiveCfg = Release|Any CPU
		{652C6028-0BA8-40A8-A57F-38F7255F70F5}.Release|x86.Build.0 = Release|Any CPU
	EndGlobalSection
	GlobalSection(SolutionProperties) = preSolution
		HideSolutionNode = FALSE
	EndGlobalSection
	GlobalSection(ExtensibilityGlobals) = postSolution
		SolutionGuid = {82D64096-2A56-423D-A9F9-449B8F60188F}
	EndGlobalSection
EndGlobal
